# This file was autogenerated by Stack.
# You should not edit this file by hand.
# For more information, please see the documentation at:
#   https://docs.haskellstack.org/en/stable/topics/lock_files

packages:
- completed:
    commit: 59a13ff87b1aa8be6b93d387244f8636b26185c5
    git: https://github.com/facebook/duckling.git
    name: duckling
    pantry-tree:
      sha256: f7e7e69c5b668a007b5ddfd20b7b8af2943520fd3968b1b5efc932568e042648
      size: 77724
    version: 0.2.0.1
  original:
    commit: 59a13ff87b1aa8be6b93d387244f8636b26185c5
    git: https://github.com/facebook/duckling.git
- completed:
    hackage: dependent-sum-0.7.2.0@sha256:f1060345439b6949eae5a6b3cdb35c7189ff360f7b4d5fa617e4f1e0f847c424,2148
    pantry-tree:
      sha256: b287bbf533eebd4e11ac349f4741b04132c59e3717d34fe1521fa0b41b8aeceb
      size: 290
  original:
    hackage: dependent-sum-0.7.2.0
- completed:
    hackage: constraints-extras-0.4.0.0@sha256:9c9b79ddf3063a1dd73cfc07a350710895319ce68c413a6ccce995e52653f360,1890
    pantry-tree:
      sha256: 8b7fcc23fc3ec5f9715e72cffe3e803fdb8f65aec8f922257ff299311b65a69b
      size: 595
  original:
    hackage: constraints-extras-0.4.0.0
- completed:
    hackage: some-1.0.6@sha256:39cc7fddbcb0619157742ff79a87945d3a0c87f29905e1185e68dae1eeba2dd3,2187
    pantry-tree:
      sha256: 0735e93d561ab426f2c753a62ec52a582b6d70b3b1248644af537c2271005bc5
      size: 823
  original:
    hackage: some-1.0.6
- completed:
    hackage: snap-core-1.0.5.1@sha256:d587753a34518a6a932e7d473503661e8d96a22681dad98d8f5865229b1e5c9e,9823
    pantry-tree:
      sha256: 0ca0cc97a38c883ac3a2976aee80287501dbf87446853fbcc21ce39190f2faf7
      size: 3429
  original:
    hackage: snap-core-1.0.5.1@sha256:d587753a34518a6a932e7d473503661e8d96a22681dad98d8f5865229b1e5c9e,9823
- completed:
    hackage: snap-server-1.1.2.1@sha256:3ed4373b3bc4a0f2d59752557dfa0f4caf1a198322451350b7cf6ae757b7eb42,15464
    pantry-tree:
      sha256: d354b1c02cc178fb404819db685ae931cb9a8437777bf9f7118858ef5ada4264
      size: 3313
  original:
    hackage: snap-server-1.1.2.1@sha256:3ed4373b3bc4a0f2d59752557dfa0f4caf1a198322451350b7cf6ae757b7eb42,15464
- completed:
    hackage: readable-0.3.1@sha256:13b71e63627c21447a35fe4441154410c96ba1f241cf0353692883d0eebf2085,1127
    pantry-tree:
      sha256: 9432879be5327e8bad08a57cbb081149f27e88a1fb8df212dccd05ae7e65aa89
      size: 313
  original:
    hackage: readable-0.3.1@sha256:13b71e63627c21447a35fe4441154410c96ba1f241cf0353692883d0eebf2085,1127
snapshots:
- completed:
    sha256: 5a59b2a405b3aba3c00188453be172b85893cab8ebc352b1ef58b0eae5d248a2
    size: 650475
    url: https://raw.githubusercontent.com/commercialhaskell/stackage-snapshots/master/lts/20/26.yaml
  original: lts-20.26
